
Microsoft Visual Studio Solution File, Format Version 12.00
# Visual Studio Version 17
VisualStudioVersion = 17.3.32825.248
MinimumVisualStudioVersion = 10.0.40219.1
Project("{9A19103F-16F7-4668-BE54-9A1E7A4F7556}") = "BTreeFourthOrder", "BTreeFour\BTreeFourthOrder.csproj", "{C1D38A5C-ECC9-4BCC-8522-D7E3522D7692}"
EndProject
Project("{FAE04EC0-301F-11D3-BF4B-00C04F79EFBC}") = "BTreeFourthOrder.Facts", "BTreeFourthOrder.Facts\BTreeFourthOrder.Facts.csproj", "{CEF90525-76F2-402D-92A1-FA2F8DE973E1}"
EndProject
Global
	GlobalSection(SolutionConfigurationPlatforms) = preSolution
		Debug|Any CPU = Debug|Any CPU
		Release|Any CPU = Release|Any CPU
	EndGlobalSection
	GlobalSection(ProjectConfigurationPlatforms) = postSolution
		{C1D38A5C-ECC9-4BCC-8522-D7E3522D7692}.Debug|Any CPU.ActiveCfg = Debug|Any CPU
		{C1D38A5C-ECC9-4BCC-8522-D7E3522D7692}.Debug|Any CPU.Build.0 = Debug|Any CPU
		{C1D38A5C-ECC9-4BCC-8522-D7E3522D7692}.Release|Any CPU.ActiveCfg = Release|Any CPU
		{C1D38A5C-ECC9-4BCC-8522-D7E3522D7692}.Release|Any CPU.Build.0 = Release|Any CPU
		{CEF90525-76F2-402D-92A1-FA2F8DE973E1}.Debug|Any CPU.ActiveCfg = Debug|Any CPU
		{CEF90525-76F2-402D-92A1-FA2F8DE973E1}.Debug|Any CPU.Build.0 = Debug|Any CPU
		{CEF90525-76F2-402D-92A1-FA2F8DE973E1}.Release|Any CPU.ActiveCfg = Release|Any CPU
		{CEF90525-76F2-402D-92A1-FA2F8DE973E1}.Release|Any CPU.Build.0 = Release|Any CPU
	EndGlobalSection
	GlobalSection(SolutionProperties) = preSolution
		HideSolutionNode = FALSE
	EndGlobalSection
	GlobalSection(ExtensibilityGlobals) = postSolution
		SolutionGuid = {E6C27116-3CA7-447F-BC9D-182F19B645C1}
	EndGlobalSection
EndGlobal
