
Microsoft Visual Studio Solution File, Format Version 12.00
# Visual Studio Version 17
VisualStudioVersion = 17.3.32825.248
MinimumVisualStudioVersion = 10.0.40219.1
Project("{FAE04EC0-301F-11D3-BF4B-00C04F79EFBC}") = "Validator", "Validator\Validator.csproj", "{97897E0B-01EE-4818-B7A6-B53B47AD569E}"
EndProject
Project("{FAE04EC0-301F-11D3-BF4B-00C04F79EFBC}") = "Validator.Facts", "RangeFacts\Validator.Facts.csproj", "{0CA8268F-53FE-4360-A403-C81312DF88F4}"
EndProject
Global
	GlobalSection(SolutionConfigurationPlatforms) = preSolution
		Debug|Any CPU = Debug|Any CPU
		Release|Any CPU = Release|Any CPU
	EndGlobalSection
	GlobalSection(ProjectConfigurationPlatforms) = postSolution
		{97897E0B-01EE-4818-B7A6-B53B47AD569E}.Debug|Any CPU.ActiveCfg = Debug|Any CPU
		{97897E0B-01EE-4818-B7A6-B53B47AD569E}.Debug|Any CPU.Build.0 = Debug|Any CPU
		{97897E0B-01EE-4818-B7A6-B53B47AD569E}.Release|Any CPU.ActiveCfg = Release|Any CPU
		{97897E0B-01EE-4818-B7A6-B53B47AD569E}.Release|Any CPU.Build.0 = Release|Any CPU
		{0CA8268F-53FE-4360-A403-C81312DF88F4}.Debug|Any CPU.ActiveCfg = Debug|Any CPU
		{0CA8268F-53FE-4360-A403-C81312DF88F4}.Debug|Any CPU.Build.0 = Debug|Any CPU
		{0CA8268F-53FE-4360-A403-C81312DF88F4}.Release|Any CPU.ActiveCfg = Release|Any CPU
		{0CA8268F-53FE-4360-A403-C81312DF88F4}.Release|Any CPU.Build.0 = Release|Any CPU
	EndGlobalSection
	GlobalSection(SolutionProperties) = preSolution
		HideSolutionNode = FALSE
	EndGlobalSection
	GlobalSection(ExtensibilityGlobals) = postSolution
		SolutionGuid = {1CC6C612-B084-4727-8A44-AB50BDE626AE}
	EndGlobalSection
EndGlobal
