
Microsoft Visual Studio Solution File, Format Version 12.00
# Visual Studio Version 17
VisualStudioVersion = 17.3.32825.248
MinimumVisualStudioVersion = 10.0.40219.1
Project("{FAE04EC0-301F-11D3-BF4B-00C04F79EFBC}") = "CircularDoublyLinkedList", "CircularDoublyLinkedList\CircularDoublyLinkedList.csproj", "{CFDA785B-7ECA-488A-AFAD-3C83E8032C3A}"
EndProject
Project("{FAE04EC0-301F-11D3-BF4B-00C04F79EFBC}") = "CircularDoublyLinkedList.Facts", "CircularDoublyLinkedList.Facts\CircularDoublyLinkedList.Facts.csproj", "{679DCD14-E156-4D96-A3A5-975CB8786DF6}"
EndProject
Global
	GlobalSection(SolutionConfigurationPlatforms) = preSolution
		Debug|Any CPU = Debug|Any CPU
		Release|Any CPU = Release|Any CPU
	EndGlobalSection
	GlobalSection(ProjectConfigurationPlatforms) = postSolution
		{CFDA785B-7ECA-488A-AFAD-3C83E8032C3A}.Debug|Any CPU.ActiveCfg = Debug|Any CPU
		{CFDA785B-7ECA-488A-AFAD-3C83E8032C3A}.Debug|Any CPU.Build.0 = Debug|Any CPU
		{CFDA785B-7ECA-488A-AFAD-3C83E8032C3A}.Release|Any CPU.ActiveCfg = Release|Any CPU
		{CFDA785B-7ECA-488A-AFAD-3C83E8032C3A}.Release|Any CPU.Build.0 = Release|Any CPU
		{679DCD14-E156-4D96-A3A5-975CB8786DF6}.Debug|Any CPU.ActiveCfg = Debug|Any CPU
		{679DCD14-E156-4D96-A3A5-975CB8786DF6}.Debug|Any CPU.Build.0 = Debug|Any CPU
		{679DCD14-E156-4D96-A3A5-975CB8786DF6}.Release|Any CPU.ActiveCfg = Release|Any CPU
		{679DCD14-E156-4D96-A3A5-975CB8786DF6}.Release|Any CPU.Build.0 = Release|Any CPU
	EndGlobalSection
	GlobalSection(SolutionProperties) = preSolution
		HideSolutionNode = FALSE
	EndGlobalSection
	GlobalSection(ExtensibilityGlobals) = postSolution
		SolutionGuid = {03A8BE80-9216-462C-9FCC-BAE309AE70C5}
	EndGlobalSection
EndGlobal
