
Microsoft Visual Studio Solution File, Format Version 12.00
# Visual Studio Version 17
VisualStudioVersion = 17.3.32825.248
MinimumVisualStudioVersion = 10.0.40219.1
Project("{9A19103F-16F7-4668-BE54-9A1E7A4F7556}") = "Streams.Facts", "Stream.Facts\Streams.Facts.csproj", "{CBEFD8CE-E8FC-44A0-9F53-4133013317C2}"
EndProject
Global
	GlobalSection(SolutionConfigurationPlatforms) = preSolution
		Debug|Any CPU = Debug|Any CPU
		Release|Any CPU = Release|Any CPU
	EndGlobalSection
	GlobalSection(ProjectConfigurationPlatforms) = postSolution
		{CBEFD8CE-E8FC-44A0-9F53-4133013317C2}.Debug|Any CPU.ActiveCfg = Debug|Any CPU
		{CBEFD8CE-E8FC-44A0-9F53-4133013317C2}.Debug|Any CPU.Build.0 = Debug|Any CPU
		{CBEFD8CE-E8FC-44A0-9F53-4133013317C2}.Release|Any CPU.ActiveCfg = Release|Any CPU
		{CBEFD8CE-E8FC-44A0-9F53-4133013317C2}.Release|Any CPU.Build.0 = Release|Any CPU
	EndGlobalSection
	GlobalSection(SolutionProperties) = preSolution
		HideSolutionNode = FALSE
	EndGlobalSection
	GlobalSection(ExtensibilityGlobals) = postSolution
		SolutionGuid = {05EFC8BF-68FE-4523-A82C-39441D58A509}
	EndGlobalSection
EndGlobal
