
Microsoft Visual Studio Solution File, Format Version 12.00
# Visual Studio Version 17
VisualStudioVersion = 17.3.32825.248
MinimumVisualStudioVersion = 10.0.40219.1
Project("{FAE04EC0-301F-11D3-BF4B-00C04F79EFBC}") = "Ranking", "Ranking\Ranking.csproj", "{97D11FC8-DEB1-4770-B06F-56A25B27C552}"
EndProject
Project("{FAE04EC0-301F-11D3-BF4B-00C04F79EFBC}") = "RankingFacts", "RankingFacts\RankingFacts.csproj", "{FAF9D688-987B-4958-A8F9-B4E0E17116AA}"
EndProject
Global
	GlobalSection(SolutionConfigurationPlatforms) = preSolution
		Debug|Any CPU = Debug|Any CPU
		Release|Any CPU = Release|Any CPU
	EndGlobalSection
	GlobalSection(ProjectConfigurationPlatforms) = postSolution
		{97D11FC8-DEB1-4770-B06F-56A25B27C552}.Debug|Any CPU.ActiveCfg = Debug|Any CPU
		{97D11FC8-DEB1-4770-B06F-56A25B27C552}.Debug|Any CPU.Build.0 = Debug|Any CPU
		{97D11FC8-DEB1-4770-B06F-56A25B27C552}.Release|Any CPU.ActiveCfg = Release|Any CPU
		{97D11FC8-DEB1-4770-B06F-56A25B27C552}.Release|Any CPU.Build.0 = Release|Any CPU
		{FAF9D688-987B-4958-A8F9-B4E0E17116AA}.Debug|Any CPU.ActiveCfg = Debug|Any CPU
		{FAF9D688-987B-4958-A8F9-B4E0E17116AA}.Debug|Any CPU.Build.0 = Debug|Any CPU
		{FAF9D688-987B-4958-A8F9-B4E0E17116AA}.Release|Any CPU.ActiveCfg = Release|Any CPU
		{FAF9D688-987B-4958-A8F9-B4E0E17116AA}.Release|Any CPU.Build.0 = Release|Any CPU
	EndGlobalSection
	GlobalSection(SolutionProperties) = preSolution
		HideSolutionNode = FALSE
	EndGlobalSection
	GlobalSection(ExtensibilityGlobals) = postSolution
		SolutionGuid = {6ACB5D30-E742-4ED2-80FE-0F73BB135E44}
	EndGlobalSection
EndGlobal
