
Microsoft Visual Studio Solution File, Format Version 12.00
# Visual Studio Version 17
VisualStudioVersion = 17.3.32825.248
MinimumVisualStudioVersion = 10.0.40219.1
Project("{FAE04EC0-301F-11D3-BF4B-00C04F79EFBC}") = "IntArray", "IntArray\IntArray.csproj", "{6F90D7F0-6136-4146-9238-3BC8310A8612}"
EndProject
Global
	GlobalSection(SolutionConfigurationPlatforms) = preSolution
		Debug|Any CPU = Debug|Any CPU
		Release|Any CPU = Release|Any CPU
	EndGlobalSection
	GlobalSection(ProjectConfigurationPlatforms) = postSolution
		{6F90D7F0-6136-4146-9238-3BC8310A8612}.Debug|Any CPU.ActiveCfg = Debug|Any CPU
		{6F90D7F0-6136-4146-9238-3BC8310A8612}.Debug|Any CPU.Build.0 = Debug|Any CPU
		{6F90D7F0-6136-4146-9238-3BC8310A8612}.Release|Any CPU.ActiveCfg = Release|Any CPU
		{6F90D7F0-6136-4146-9238-3BC8310A8612}.Release|Any CPU.Build.0 = Release|Any CPU
	EndGlobalSection
	GlobalSection(SolutionProperties) = preSolution
		HideSolutionNode = FALSE
	EndGlobalSection
	GlobalSection(ExtensibilityGlobals) = postSolution
		SolutionGuid = {8AC51410-DF8D-4A3E-9786-24D38A7D51F1}
	EndGlobalSection
EndGlobal
